
Microsoft Visual Studio Solution File, Format Version 12.00
# Visual Studio 15
VisualStudioVersion = 15.0.28010.2016
MinimumVisualStudioVersion = 10.0.40219.1
Project("{2150E333-8FDC-42A3-9474-1A3956D46DE8}") = "Solution Items", "Solution Items", "{6CACEB42-FF88-43E4-87BC-7BC9C6BD6F29}"
	ProjectSection(SolutionItems) = preProject
		README.md = README.md
	EndProjectSection
EndProject
Project("{9A19103F-16F7-4668-BE54-9A1E7A4F7556}") = "AspNetCoreWebApp1", "AspNetCoreWebApp1\AspNetCoreWebApp1.csproj", "{03C038A1-313B-4AC1-9042-B492D30DDD5B}"
EndProject
Project("{E53339B2-1760-4266-BCC7-CA923CBCF16C}") = "docker-compose", "docker-compose.dcproj", "{A3565498-87BF-4B0C-93AC-955528818A58}"
EndProject
Project("{9A19103F-16F7-4668-BE54-9A1E7A4F7556}") = "AspNetCoreWebApp2", "AspNetCoreWebApp2\AspNetCoreWebApp2.csproj", "{9342C2C5-52CE-48E3-AF46-D77E81DED21D}"
EndProject
Project("{9A19103F-16F7-4668-BE54-9A1E7A4F7556}") = "AspNetCoreWebApp3", "AspNetCoreWebApp3\AspNetCoreWebApp3.csproj", "{A5C760B4-8763-4B2E-BDB4-5DE68CA37563}"
EndProject
Project("{9A19103F-16F7-4668-BE54-9A1E7A4F7556}") = "DotNetCoreCommon", "DotNetCoreHelper\DotNetCoreCommon.csproj", "{1374405A-3314-488F-BD30-A5D12F9234A4}"
EndProject
Project("{9A19103F-16F7-4668-BE54-9A1E7A4F7556}") = "AspNetCoreWebCommon", "AspNetCoreWebHelper\AspNetCoreWebCommon.csproj", "{E187E0BE-A159-44CC-9E0E-A9B7E118F189}"
EndProject
Project("{9A19103F-16F7-4668-BE54-9A1E7A4F7556}") = "MassTransit.Wrapper", "MassTransit.Wrapper\MassTransit.Wrapper.csproj", "{113F3B4E-00AD-4E73-8631-666A5EE753E4}"
EndProject
Project("{9A19103F-16F7-4668-BE54-9A1E7A4F7556}") = "DotNetCoreAppPostgres", "DotNetCoreAppPostgres\DotNetCoreAppPostgres.csproj", "{E8C6C57B-A005-40FB-B317-7499963670E6}"
EndProject
Project("{FAE04EC0-301F-11D3-BF4B-00C04F79EFBC}") = "DbCommon", "DbCommon\DbCommon.csproj", "{A4507C4D-F531-4F3B-8C5E-81D8651B568E}"
EndProject
Global
	GlobalSection(SolutionConfigurationPlatforms) = preSolution
		Debug|Any CPU = Debug|Any CPU
		Release|Any CPU = Release|Any CPU
	EndGlobalSection
	GlobalSection(ProjectConfigurationPlatforms) = postSolution
		{03C038A1-313B-4AC1-9042-B492D30DDD5B}.Debug|Any CPU.ActiveCfg = Debug|Any CPU
		{03C038A1-313B-4AC1-9042-B492D30DDD5B}.Debug|Any CPU.Build.0 = Debug|Any CPU
		{03C038A1-313B-4AC1-9042-B492D30DDD5B}.Release|Any CPU.ActiveCfg = Release|Any CPU
		{03C038A1-313B-4AC1-9042-B492D30DDD5B}.Release|Any CPU.Build.0 = Release|Any CPU
		{A3565498-87BF-4B0C-93AC-955528818A58}.Debug|Any CPU.ActiveCfg = Debug|Any CPU
		{A3565498-87BF-4B0C-93AC-955528818A58}.Debug|Any CPU.Build.0 = Debug|Any CPU
		{A3565498-87BF-4B0C-93AC-955528818A58}.Release|Any CPU.ActiveCfg = Release|Any CPU
		{A3565498-87BF-4B0C-93AC-955528818A58}.Release|Any CPU.Build.0 = Release|Any CPU
		{9342C2C5-52CE-48E3-AF46-D77E81DED21D}.Debug|Any CPU.ActiveCfg = Debug|Any CPU
		{9342C2C5-52CE-48E3-AF46-D77E81DED21D}.Debug|Any CPU.Build.0 = Debug|Any CPU
		{9342C2C5-52CE-48E3-AF46-D77E81DED21D}.Release|Any CPU.ActiveCfg = Release|Any CPU
		{9342C2C5-52CE-48E3-AF46-D77E81DED21D}.Release|Any CPU.Build.0 = Release|Any CPU
		{A5C760B4-8763-4B2E-BDB4-5DE68CA37563}.Debug|Any CPU.ActiveCfg = Debug|Any CPU
		{A5C760B4-8763-4B2E-BDB4-5DE68CA37563}.Debug|Any CPU.Build.0 = Debug|Any CPU
		{A5C760B4-8763-4B2E-BDB4-5DE68CA37563}.Release|Any CPU.ActiveCfg = Release|Any CPU
		{A5C760B4-8763-4B2E-BDB4-5DE68CA37563}.Release|Any CPU.Build.0 = Release|Any CPU
		{1374405A-3314-488F-BD30-A5D12F9234A4}.Debug|Any CPU.ActiveCfg = Debug|Any CPU
		{1374405A-3314-488F-BD30-A5D12F9234A4}.Debug|Any CPU.Build.0 = Debug|Any CPU
		{1374405A-3314-488F-BD30-A5D12F9234A4}.Release|Any CPU.ActiveCfg = Release|Any CPU
		{1374405A-3314-488F-BD30-A5D12F9234A4}.Release|Any CPU.Build.0 = Release|Any CPU
		{E187E0BE-A159-44CC-9E0E-A9B7E118F189}.Debug|Any CPU.ActiveCfg = Debug|Any CPU
		{E187E0BE-A159-44CC-9E0E-A9B7E118F189}.Debug|Any CPU.Build.0 = Debug|Any CPU
		{E187E0BE-A159-44CC-9E0E-A9B7E118F189}.Release|Any CPU.ActiveCfg = Release|Any CPU
		{E187E0BE-A159-44CC-9E0E-A9B7E118F189}.Release|Any CPU.Build.0 = Release|Any CPU
		{113F3B4E-00AD-4E73-8631-666A5EE753E4}.Debug|Any CPU.ActiveCfg = Debug|Any CPU
		{113F3B4E-00AD-4E73-8631-666A5EE753E4}.Debug|Any CPU.Build.0 = Debug|Any CPU
		{113F3B4E-00AD-4E73-8631-666A5EE753E4}.Release|Any CPU.ActiveCfg = Release|Any CPU
		{113F3B4E-00AD-4E73-8631-666A5EE753E4}.Release|Any CPU.Build.0 = Release|Any CPU
		{E8C6C57B-A005-40FB-B317-7499963670E6}.Debug|Any CPU.ActiveCfg = Debug|Any CPU
		{E8C6C57B-A005-40FB-B317-7499963670E6}.Debug|Any CPU.Build.0 = Debug|Any CPU
		{E8C6C57B-A005-40FB-B317-7499963670E6}.Release|Any CPU.ActiveCfg = Release|Any CPU
		{E8C6C57B-A005-40FB-B317-7499963670E6}.Release|Any CPU.Build.0 = Release|Any CPU
		{A4507C4D-F531-4F3B-8C5E-81D8651B568E}.Debug|Any CPU.ActiveCfg = Debug|Any CPU
		{A4507C4D-F531-4F3B-8C5E-81D8651B568E}.Debug|Any CPU.Build.0 = Debug|Any CPU
		{A4507C4D-F531-4F3B-8C5E-81D8651B568E}.Release|Any CPU.ActiveCfg = Release|Any CPU
		{A4507C4D-F531-4F3B-8C5E-81D8651B568E}.Release|Any CPU.Build.0 = Release|Any CPU
	EndGlobalSection
	GlobalSection(SolutionProperties) = preSolution
		HideSolutionNode = FALSE
	EndGlobalSection
	GlobalSection(ExtensibilityGlobals) = postSolution
		SolutionGuid = {AAAB567E-5DCB-4A5E-B6A6-A059C8DBD9E9}
	EndGlobalSection
EndGlobal
