
Microsoft Visual Studio Solution File, Format Version 12.00
# Visual Studio 15
VisualStudioVersion = 15.0.28010.2016
MinimumVisualStudioVersion = 10.0.40219.1
Project("{2150E333-8FDC-42A3-9474-1A3956D46DE8}") = "Solution Items", "Solution Items", "{6CACEB42-FF88-43E4-87BC-7BC9C6BD6F29}"
	ProjectSection(SolutionItems) = preProject
		README.md = README.md
	EndProjectSection
EndProject
Project("{9A19103F-16F7-4668-BE54-9A1E7A4F7556}") = "VsToolsForDocker", "VsToolsForDocker\VsToolsForDocker.csproj", "{9877B0FF-0B19-4725-A38F-AFEC54D5DC22}"
EndProject
Project("{FAE04EC0-301F-11D3-BF4B-00C04F79EFBC}") = "AspNetCoreWebApp1", "AspNetCoreWebApp1\AspNetCoreWebApp1.csproj", "{03C038A1-313B-4AC1-9042-B492D30DDD5B}"
EndProject
Project("{E53339B2-1760-4266-BCC7-CA923CBCF16C}") = "docker-compose", "docker-compose.dcproj", "{A3565498-87BF-4B0C-93AC-955528818A58}"
EndProject
Project("{FAE04EC0-301F-11D3-BF4B-00C04F79EFBC}") = "AspNetCoreWebApp2", "AspNetCoreWebApp2\AspNetCoreWebApp2.csproj", "{9342C2C5-52CE-48E3-AF46-D77E81DED21D}"
EndProject
Project("{FAE04EC0-301F-11D3-BF4B-00C04F79EFBC}") = "AspNetCoreWebApp3", "AspNetCoreWebApp3\AspNetCoreWebApp3.csproj", "{A5C760B4-8763-4B2E-BDB4-5DE68CA37563}"
EndProject
Global
	GlobalSection(SolutionConfigurationPlatforms) = preSolution
		Debug|Any CPU = Debug|Any CPU
		Release|Any CPU = Release|Any CPU
	EndGlobalSection
	GlobalSection(ProjectConfigurationPlatforms) = postSolution
		{9877B0FF-0B19-4725-A38F-AFEC54D5DC22}.Debug|Any CPU.ActiveCfg = Debug|Any CPU
		{9877B0FF-0B19-4725-A38F-AFEC54D5DC22}.Debug|Any CPU.Build.0 = Debug|Any CPU
		{9877B0FF-0B19-4725-A38F-AFEC54D5DC22}.Release|Any CPU.ActiveCfg = Release|Any CPU
		{9877B0FF-0B19-4725-A38F-AFEC54D5DC22}.Release|Any CPU.Build.0 = Release|Any CPU
		{03C038A1-313B-4AC1-9042-B492D30DDD5B}.Debug|Any CPU.ActiveCfg = Debug|Any CPU
		{03C038A1-313B-4AC1-9042-B492D30DDD5B}.Debug|Any CPU.Build.0 = Debug|Any CPU
		{03C038A1-313B-4AC1-9042-B492D30DDD5B}.Release|Any CPU.ActiveCfg = Release|Any CPU
		{03C038A1-313B-4AC1-9042-B492D30DDD5B}.Release|Any CPU.Build.0 = Release|Any CPU
		{A3565498-87BF-4B0C-93AC-955528818A58}.Debug|Any CPU.ActiveCfg = Debug|Any CPU
		{A3565498-87BF-4B0C-93AC-955528818A58}.Debug|Any CPU.Build.0 = Debug|Any CPU
		{A3565498-87BF-4B0C-93AC-955528818A58}.Release|Any CPU.ActiveCfg = Release|Any CPU
		{A3565498-87BF-4B0C-93AC-955528818A58}.Release|Any CPU.Build.0 = Release|Any CPU
		{9342C2C5-52CE-48E3-AF46-D77E81DED21D}.Debug|Any CPU.ActiveCfg = Debug|Any CPU
		{9342C2C5-52CE-48E3-AF46-D77E81DED21D}.Debug|Any CPU.Build.0 = Debug|Any CPU
		{9342C2C5-52CE-48E3-AF46-D77E81DED21D}.Release|Any CPU.ActiveCfg = Release|Any CPU
		{9342C2C5-52CE-48E3-AF46-D77E81DED21D}.Release|Any CPU.Build.0 = Release|Any CPU
		{A5C760B4-8763-4B2E-BDB4-5DE68CA37563}.Debug|Any CPU.ActiveCfg = Debug|Any CPU
		{A5C760B4-8763-4B2E-BDB4-5DE68CA37563}.Debug|Any CPU.Build.0 = Debug|Any CPU
		{A5C760B4-8763-4B2E-BDB4-5DE68CA37563}.Release|Any CPU.ActiveCfg = Release|Any CPU
		{A5C760B4-8763-4B2E-BDB4-5DE68CA37563}.Release|Any CPU.Build.0 = Release|Any CPU
	EndGlobalSection
	GlobalSection(SolutionProperties) = preSolution
		HideSolutionNode = FALSE
	EndGlobalSection
	GlobalSection(ExtensibilityGlobals) = postSolution
		SolutionGuid = {AAAB567E-5DCB-4A5E-B6A6-A059C8DBD9E9}
	EndGlobalSection
EndGlobal
